
Microsoft Visual Studio Solution File, Format Version 12.00
# Visual Studio Version 17
VisualStudioVersion = 17.3.32901.215
MinimumVisualStudioVersion = 10.0.40219.1
Project("{FAE04EC0-301F-11D3-BF4B-00C04F79EFBC}") = "sinav", "sinav\sinav.csproj", "{7228B035-5BEB-4D61-B6BB-E5920E2E9235}"
EndProject
Global
	GlobalSection(SolutionConfigurationPlatforms) = preSolution
		Debug|Any CPU = Debug|Any CPU
		Release|Any CPU = Release|Any CPU
	EndGlobalSection
	GlobalSection(ProjectConfigurationPlatforms) = postSolution
		{7228B035-5BEB-4D61-B6BB-E5920E2E9235}.Debug|Any CPU.ActiveCfg = Debug|Any CPU
		{7228B035-5BEB-4D61-B6BB-E5920E2E9235}.Debug|Any CPU.Build.0 = Debug|Any CPU
		{7228B035-5BEB-4D61-B6BB-E5920E2E9235}.Release|Any CPU.ActiveCfg = Release|Any CPU
		{7228B035-5BEB-4D61-B6BB-E5920E2E9235}.Release|Any CPU.Build.0 = Release|Any CPU
	EndGlobalSection
	GlobalSection(SolutionProperties) = preSolution
		HideSolutionNode = FALSE
	EndGlobalSection
	GlobalSection(ExtensibilityGlobals) = postSolution
		SolutionGuid = {4A29666D-6202-4FC2-A820-A7E5D6FB6C68}
	EndGlobalSection
EndGlobal
